
Microsoft Visual Studio Solution File, Format Version 12.00
# Visual Studio Version 16
VisualStudioVersion = 16.0.32106.194
MinimumVisualStudioVersion = 10.0.40219.1
Project("{8BC9CEB8-8B4A-11D0-8D11-00A0C91BC942}") = "NGG", "NGG\NGG.vcxproj", "{7C3094A7-3FB6-4D16-88EE-06EEFB883804}"
EndProject
Global
	GlobalSection(SolutionConfigurationPlatforms) = preSolution
		Debug|x64 = Debug|x64
		Debug|x86 = Debug|x86
		Release|x64 = Release|x64
		Release|x86 = Release|x86
	EndGlobalSection
	GlobalSection(ProjectConfigurationPlatforms) = postSolution
		{7C3094A7-3FB6-4D16-88EE-06EEFB883804}.Debug|x64.ActiveCfg = Debug|x64
		{7C3094A7-3FB6-4D16-88EE-06EEFB883804}.Debug|x64.Build.0 = Debug|x64
		{7C3094A7-3FB6-4D16-88EE-06EEFB883804}.Debug|x86.ActiveCfg = Debug|Win32
		{7C3094A7-3FB6-4D16-88EE-06EEFB883804}.Debug|x86.Build.0 = Debug|Win32
		{7C3094A7-3FB6-4D16-88EE-06EEFB883804}.Release|x64.ActiveCfg = Release|x64
		{7C3094A7-3FB6-4D16-88EE-06EEFB883804}.Release|x64.Build.0 = Release|x64
		{7C3094A7-3FB6-4D16-88EE-06EEFB883804}.Release|x86.ActiveCfg = Release|Win32
		{7C3094A7-3FB6-4D16-88EE-06EEFB883804}.Release|x86.Build.0 = Release|Win32
	EndGlobalSection
	GlobalSection(SolutionProperties) = preSolution
		HideSolutionNode = FALSE
	EndGlobalSection
	GlobalSection(ExtensibilityGlobals) = postSolution
		SolutionGuid = {483A1FB8-AF01-4ECB-8A2C-BC0453DB91A5}
	EndGlobalSection
EndGlobal
